
Microsoft Visual Studio Solution File, Format Version 12.00
# Visual Studio Version 17
VisualStudioVersion = 17.0.32126.317
MinimumVisualStudioVersion = 10.0.40219.1
Project("{FAE04EC0-301F-11D3-BF4B-00C04F79EFBC}") = "NetFlex WebProject", "NetFlex WebProject\NetFlex WebProject.csproj", "{AE7A7F96-EC87-4936-8E50-E9733E81BC1C}"
EndProject
Project("{FAE04EC0-301F-11D3-BF4B-00C04F79EFBC}") = "NetFlex.Core", "NetFlex.Core\NetFlex.Core.csproj", "{DF32CEC8-398E-4645-B55E-785935489C99}"
EndProject
Project("{FAE04EC0-301F-11D3-BF4B-00C04F79EFBC}") = "NetFlex.Infrastructure", "NetFlex.Infrastructure\NetFlex.Infrastructure.csproj", "{CDF2918C-E957-4784-A276-A57ADE184781}"
EndProject
Global
	GlobalSection(SolutionConfigurationPlatforms) = preSolution
		Debug|Any CPU = Debug|Any CPU
		Release|Any CPU = Release|Any CPU
	EndGlobalSection
	GlobalSection(ProjectConfigurationPlatforms) = postSolution
		{AE7A7F96-EC87-4936-8E50-E9733E81BC1C}.Debug|Any CPU.ActiveCfg = Debug|Any CPU
		{AE7A7F96-EC87-4936-8E50-E9733E81BC1C}.Debug|Any CPU.Build.0 = Debug|Any CPU
		{AE7A7F96-EC87-4936-8E50-E9733E81BC1C}.Release|Any CPU.ActiveCfg = Release|Any CPU
		{AE7A7F96-EC87-4936-8E50-E9733E81BC1C}.Release|Any CPU.Build.0 = Release|Any CPU
		{DF32CEC8-398E-4645-B55E-785935489C99}.Debug|Any CPU.ActiveCfg = Debug|Any CPU
		{DF32CEC8-398E-4645-B55E-785935489C99}.Debug|Any CPU.Build.0 = Debug|Any CPU
		{DF32CEC8-398E-4645-B55E-785935489C99}.Release|Any CPU.ActiveCfg = Release|Any CPU
		{DF32CEC8-398E-4645-B55E-785935489C99}.Release|Any CPU.Build.0 = Release|Any CPU
		{CDF2918C-E957-4784-A276-A57ADE184781}.Debug|Any CPU.ActiveCfg = Debug|Any CPU
		{CDF2918C-E957-4784-A276-A57ADE184781}.Debug|Any CPU.Build.0 = Debug|Any CPU
		{CDF2918C-E957-4784-A276-A57ADE184781}.Release|Any CPU.ActiveCfg = Release|Any CPU
		{CDF2918C-E957-4784-A276-A57ADE184781}.Release|Any CPU.Build.0 = Release|Any CPU
	EndGlobalSection
	GlobalSection(SolutionProperties) = preSolution
		HideSolutionNode = FALSE
	EndGlobalSection
	GlobalSection(ExtensibilityGlobals) = postSolution
		SolutionGuid = {74449CDB-78BB-4338-9CFE-215157FF882C}
	EndGlobalSection
EndGlobal
